
Microsoft Visual Studio Solution File, Format Version 12.00
Project("{FAE04EC0-301F-11D3-BF4B-00C04F79EFBC}") = "Jony.Demo.SideMenu", "Jony.Demo.SideMenu\Jony.Demo.SideMenu.csproj", "{29F8E793-0400-4565-B0A2-6520579BD6A0}"
EndProject
Project("{FAE04EC0-301F-11D3-BF4B-00C04F79EFBC}") = "Jony.Demo.ExportExcel", "Jony.Demo.ExportExcel\Jony.Demo.ExportExcel.csproj", "{6D1B13A6-6997-4132-8A72-967A9AC0CE96}"
EndProject
Global
	GlobalSection(SolutionConfigurationPlatforms) = preSolution
		Debug|Any CPU = Debug|Any CPU
		Release|Any CPU = Release|Any CPU
	EndGlobalSection
	GlobalSection(ProjectConfigurationPlatforms) = postSolution
		{29F8E793-0400-4565-B0A2-6520579BD6A0}.Debug|Any CPU.ActiveCfg = Debug|Any CPU
		{29F8E793-0400-4565-B0A2-6520579BD6A0}.Debug|Any CPU.Build.0 = Debug|Any CPU
		{29F8E793-0400-4565-B0A2-6520579BD6A0}.Release|Any CPU.ActiveCfg = Release|Any CPU
		{29F8E793-0400-4565-B0A2-6520579BD6A0}.Release|Any CPU.Build.0 = Release|Any CPU
		{6D1B13A6-6997-4132-8A72-967A9AC0CE96}.Debug|Any CPU.ActiveCfg = Debug|Any CPU
		{6D1B13A6-6997-4132-8A72-967A9AC0CE96}.Debug|Any CPU.Build.0 = Debug|Any CPU
		{6D1B13A6-6997-4132-8A72-967A9AC0CE96}.Release|Any CPU.ActiveCfg = Release|Any CPU
		{6D1B13A6-6997-4132-8A72-967A9AC0CE96}.Release|Any CPU.Build.0 = Release|Any CPU
	EndGlobalSection
EndGlobal
